
Microsoft Visual Studio Solution File, Format Version 12.00
# Visual Studio 15
VisualStudioVersion = 15.0.28307.1000
MinimumVisualStudioVersion = 10.0.40219.1
Project("{FAE04EC0-301F-11D3-BF4B-00C04F79EFBC}") = "klassestrukturietlibraryprojekt", "klassestrukturietlibraryprojekt\klassestrukturietlibraryprojekt.csproj", "{C885832E-0B94-4CDA-A8D3-51B22925B62D}"
EndProject
Project("{FAE04EC0-301F-11D3-BF4B-00C04F79EFBC}") = "ClassLibrary1", "ClassLibrary1\ClassLibrary1.csproj", "{78159847-E289-4158-A697-3106F763C0DE}"
EndProject
Global
	GlobalSection(SolutionConfigurationPlatforms) = preSolution
		Debug|Any CPU = Debug|Any CPU
		Release|Any CPU = Release|Any CPU
	EndGlobalSection
	GlobalSection(ProjectConfigurationPlatforms) = postSolution
		{C885832E-0B94-4CDA-A8D3-51B22925B62D}.Debug|Any CPU.ActiveCfg = Debug|Any CPU
		{C885832E-0B94-4CDA-A8D3-51B22925B62D}.Debug|Any CPU.Build.0 = Debug|Any CPU
		{C885832E-0B94-4CDA-A8D3-51B22925B62D}.Release|Any CPU.ActiveCfg = Release|Any CPU
		{C885832E-0B94-4CDA-A8D3-51B22925B62D}.Release|Any CPU.Build.0 = Release|Any CPU
		{78159847-E289-4158-A697-3106F763C0DE}.Debug|Any CPU.ActiveCfg = Debug|Any CPU
		{78159847-E289-4158-A697-3106F763C0DE}.Debug|Any CPU.Build.0 = Debug|Any CPU
		{78159847-E289-4158-A697-3106F763C0DE}.Release|Any CPU.ActiveCfg = Release|Any CPU
		{78159847-E289-4158-A697-3106F763C0DE}.Release|Any CPU.Build.0 = Release|Any CPU
	EndGlobalSection
	GlobalSection(SolutionProperties) = preSolution
		HideSolutionNode = FALSE
	EndGlobalSection
	GlobalSection(ExtensibilityGlobals) = postSolution
		SolutionGuid = {032CE239-DBAC-432E-830B-328D642B9FC7}
	EndGlobalSection
EndGlobal
