
Microsoft Visual Studio Solution File, Format Version 12.00
# Visual Studio 15
VisualStudioVersion = 15.0.28307.572
MinimumVisualStudioVersion = 10.0.40219.1
Project("{FAE04EC0-301F-11D3-BF4B-00C04F79EFBC}") = "Øvelse i Nedarvning mm", "Øvelse i Nedarvning mm.\Øvelse i Nedarvning mm.csproj", "{4F7354F9-BA04-47CC-975A-98616F89ADB1}"
EndProject
Global
	GlobalSection(SolutionConfigurationPlatforms) = preSolution
		Debug|Any CPU = Debug|Any CPU
		Release|Any CPU = Release|Any CPU
	EndGlobalSection
	GlobalSection(ProjectConfigurationPlatforms) = postSolution
		{4F7354F9-BA04-47CC-975A-98616F89ADB1}.Debug|Any CPU.ActiveCfg = Debug|Any CPU
		{4F7354F9-BA04-47CC-975A-98616F89ADB1}.Debug|Any CPU.Build.0 = Debug|Any CPU
		{4F7354F9-BA04-47CC-975A-98616F89ADB1}.Release|Any CPU.ActiveCfg = Release|Any CPU
		{4F7354F9-BA04-47CC-975A-98616F89ADB1}.Release|Any CPU.Build.0 = Release|Any CPU
	EndGlobalSection
	GlobalSection(SolutionProperties) = preSolution
		HideSolutionNode = FALSE
	EndGlobalSection
	GlobalSection(ExtensibilityGlobals) = postSolution
		SolutionGuid = {79538448-0B66-48DF-B52F-F96BF6E417E8}
	EndGlobalSection
EndGlobal
